// !$*UTF8*$!
{
	archiveVersion = 1;
	classes = {
	};
	objectVersion = 50;
	objects = {

/* Begin PBXBuildFile section */
		98AB6B9C217261D2005C422A /* AppDelegate.swift in Sources */ = {isa = PBXBuildFile; fileRef = 98AB6B9B217261D2005C422A /* AppDelegate.swift */; };
		98AB6B9E217261D2005C422A /* ViewController.swift in Sources */ = {isa = PBXBuildFile; fileRef = 98AB6B9D217261D2005C422A /* ViewController.swift */; };
		98AB6BA1217261D2005C422A /* Main.storyboard in Resources */ = {isa = PBXBuildFile; fileRef = 98AB6B9F217261D2005C422A /* Main.storyboard */; };
		98AB6BA3217261D3005C422A /* Assets.xcassets in Resources */ = {isa = PBXBuildFile; fileRef = 98AB6BA2217261D3005C422A /* Assets.xcassets */; };
		98AB6BA6217261D3005C422A /* LaunchScreen.storyboard in Resources */ = {isa = PBXBuildFile; fileRef = 98AB6BA4217261D3005C422A /* LaunchScreen.storyboard */; };
		98AB6BB1217261D3005C422A /* GoceryDemoTests.swift in Sources */ = {isa = PBXBuildFile; fileRef = 98AB6BB0217261D3005C422A /* GoceryDemoTests.swift */; };
/* End PBXBuildFile section */

/* Begin PBXContainerItemProxy section */
		98AB6BAD217261D3005C422A /* PBXContainerItemProxy */ = {
			isa = PBXContainerItemProxy;
			containerPortal = 98AB6B90217261D1005C422A /* Project object */;
			proxyType = 1;
			remoteGlobalIDString = 98AB6B97217261D1005C422A;
			remoteInfo = GoceryDemo;
		};
/* End PBXContainerItemProxy section */

/* Begin PBXFileReference section */
		98AB6B98217261D2005C422A /* GoceryDemo.app */ = {isa = PBXFileReference; explicitFileType = wrapper.application; includeInIndex = 0; path = GoceryDemo.app; sourceTree = BUILT_PRODUCTS_DIR; };
		98AB6B9B217261D2005C422A /* AppDelegate.swift */ = {isa = PBXFileReference; lastKnownFileType = sourcecode.swift; path = AppDelegate.swift; sourceTree = "<group>"; };
		98AB6B9D217261D2005C422A /* ViewController.swift */ = {isa = PBXFileReference; lastKnownFileType = sourcecode.swift; path = ViewController.swift; sourceTree = "<group>"; };
		98AB6BA0217261D2005C422A /* Base */ = {isa = PBXFileReference; lastKnownFileType = file.storyboard; name = Base; path = Base.lproj/Main.storyboard; sourceTree = "<group>"; };
		98AB6BA2217261D3005C422A /* Assets.xcassets */ = {isa = PBXFileReference; lastKnownFileType = folder.assetcatalog; path = Assets.xcassets; sourceTree = "<group>"; };
		98AB6BA5217261D3005C422A /* Base */ = {isa = PBXFileReference; lastKnownFileType = file.storyboard; name = Base; path = Base.lproj/LaunchScreen.storyboard; sourceTree = "<group>"; };
		98AB6BA7217261D3005C422A /* Info.plist */ = {isa = PBXFileReference; lastKnownFileType = text.plist.xml; path = Info.plist; sourceTree = "<group>"; };
		98AB6BAC217261D3005C422A /* GoceryDemoTests.xctest */ = {isa = PBXFileReference; explicitFileType = wrapper.cfbundle; includeInIndex = 0; path = GoceryDemoTests.xctest; sourceTree = BUILT_PRODUCTS_DIR; };
		98AB6BB0217261D3005C422A /* GoceryDemoTests.swift */ = {isa = PBXFileReference; lastKnownFileType = sourcecode.swift; path = GoceryDemoTests.swift; sourceTree = "<group>"; };
		98AB6BB2217261D3005C422A /* Info.plist */ = {isa = PBXFileReference; lastKnownFileType = text.plist.xml; path = Info.plist; sourceTree = "<group>"; };
/* End PBXFileReference section */

/* Begin PBXFrameworksBuildPhase section */
		98AB6B95217261D1005C422A /* Frameworks */ = {
			isa = PBXFrameworksBuildPhase;
			buildActionMask = 2147483647;
			files = (
			);
			runOnlyForDeploymentPostprocessing = 0;
		};
		98AB6BA9217261D3005C422A /* Frameworks */ = {
			isa = PBXFrameworksBuildPhase;
			buildActionMask = 2147483647;
			files = (
			);
			runOnlyForDeploymentPostprocessing = 0;
		};
/* End PBXFrameworksBuildPhase section */

/* Begin PBXGroup section */
		98AB6B8F217261D1005C422A = {
			isa = PBXGroup;
			children = (
				98AB6B9A217261D2005C422A /* GoceryDemo */,
				98AB6BAF217261D3005C422A /* GoceryDemoTests */,
				98AB6B99217261D2005C422A /* Products */,
			);
			sourceTree = "<group>";
		};
		98AB6B99217261D2005C422A /* Products */ = {
			isa = PBXGroup;
			children = (
				98AB6B98217261D2005C422A /* GoceryDemo.app */,
				98AB6BAC217261D3005C422A /* GoceryDemoTests.xctest */,
			);
			name = Products;
			sourceTree = "<group>";
		};
		98AB6B9A217261D2005C422A /* GoceryDemo */ = {
			isa = PBXGroup;
			children = (
				98AB6B9B217261D2005C422A /* AppDelegate.swift */,
				98AB6B9D217261D2005C422A /* ViewController.swift */,
				98AB6B9F217261D2005C422A /* Main.storyboard */,
				98AB6BA2217261D3005C422A /* Assets.xcassets */,
				98AB6BA4217261D3005C422A /* LaunchScreen.storyboard */,
				98AB6BA7217261D3005C422A /* Info.plist */,
			);
			path = GoceryDemo;
			sourceTree = "<group>";
		};
		98AB6BAF217261D3005C422A /* GoceryDemoTests */ = {
			isa = PBXGroup;
			children = (
				98AB6BB0217261D3005C422A /* GoceryDemoTests.swift */,
				98AB6BB2217261D3005C422A /* Info.plist */,
			);
			path = GoceryDemoTests;
			sourceTree = "<group>";
		};
/* End PBXGroup section */

/* Begin PBXNativeTarget section */
		98AB6B97217261D1005C422A /* GoceryDemo */ = {
			isa = PBXNativeTarget;
			buildConfigurationList = 98AB6BB5217261D3005C422A /* Build configuration list for PBXNativeTarget "GoceryDemo" */;
			buildPhases = (
				98AB6B94217261D1005C422A /* Sources */,
				98AB6B95217261D1005C422A /* Frameworks */,
				98AB6B96217261D1005C422A /* Resources */,
			);
			buildRules = (
			);
			dependencies = (
			);
			name = GoceryDemo;
			productName = GoceryDemo;
			productReference = 98AB6B98217261D2005C422A /* GoceryDemo.app */;
			productType = "com.apple.product-type.application";
		};
		98AB6BAB217261D3005C422A /* GoceryDemoTests */ = {
			isa = PBXNativeTarget;
			buildConfigurationList = 98AB6BB8217261D3005C422A /* Build configuration list for PBXNativeTarget "GoceryDemoTests" */;
			buildPhases = (
				98AB6BA8217261D3005C422A /* Sources */,
				98AB6BA9217261D3005C422A /* Frameworks */,
				98AB6BAA217261D3005C422A /* Resources */,
			);
			buildRules = (
			);
			dependencies = (
				98AB6BAE217261D3005C422A /* PBXTargetDependency */,
			);
			name = GoceryDemoTests;
			productName = GoceryDemoTests;
			productReference = 98AB6BAC217261D3005C422A /* GoceryDemoTests.xctest */;
			productType = "com.apple.product-type.bundle.unit-test";
		};
/* End PBXNativeTarget section */

/* Begin PBXProject section */
		98AB6B90217261D1005C422A /* Project object */ = {
			isa = PBXProject;
			attributes = {
				LastSwiftUpdateCheck = 1000;
				LastUpgradeCheck = 1000;
				ORGANIZATIONNAME = "Kohl Kuntze";
				TargetAttributes = {
					98AB6B97217261D1005C422A = {
						CreatedOnToolsVersion = 10.0;
					};
					98AB6BAB217261D3005C422A = {
						CreatedOnToolsVersion = 10.0;
						TestTargetID = 98AB6B97217261D1005C422A;
					};
				};
			};
			buildConfigurationList = 98AB6B93217261D1005C422A /* Build configuration list for PBXProject "GoceryDemo" */;
			compatibilityVersion = "Xcode 9.3";
			developmentRegion = en;
			hasScannedForEncodings = 0;
			knownRegions = (
				en,
				Base,
			);
			mainGroup = 98AB6B8F217261D1005C422A;
			productRefGroup = 98AB6B99217261D2005C422A /* Products */;
			projectDirPath = "";
			projectRoot = "";
			targets = (
				98AB6B97217261D1005C422A /* GoceryDemo */,
				98AB6BAB217261D3005C422A /* GoceryDemoTests */,
			);
		};
/* End PBXProject section */

/* Begin PBXResourcesBuildPhase section */
		98AB6B96217261D1005C422A /* Resources */ = {
			isa = PBXResourcesBuildPhase;
			buildActionMask = 2147483647;
			files = (
				98AB6BA6217261D3005C422A /* LaunchScreen.storyboard in Resources */,
				98AB6BA3217261D3005C422A /* Assets.xcassets in Resources */,
				98AB6BA1217261D2005C422A /* Main.storyboard in Resources */,
			);
			runOnlyForDeploymentPostprocessing = 0;
		};
		98AB6BAA217261D3005C422A /* Resources */ = {
			isa = PBXResourcesBuildPhase;
			buildActionMask = 2147483647;
			files = (
			);
			runOnlyForDeploymentPostprocessing = 0;
		};
/* End PBXResourcesBuildPhase section */

/* Begin PBXSourcesBuildPhase section */
		98AB6B94217261D1005C422A /* Sources */ = {
			isa = PBXSourcesBuildPhase;
			buildActionMask = 2147483647;
			files = (
				98AB6B9E217261D2005C422A /* ViewController.swift in Sources */,
				98AB6B9C217261D2005C422A /* AppDelegate.swift in Sources */,
			);
			runOnlyForDeploymentPostprocessing = 0;
		};
		98AB6BA8217261D3005C422A /* Sources */ = {
			isa = PBXSourcesBuildPhase;
			buildActionMask = 2147483647;
			files = (
				98AB6BB1217261D3005C422A /* GoceryDemoTests.swift in Sources */,
			);
			runOnlyForDeploymentPostprocessing = 0;
		};
/* End PBXSourcesBuildPhase section */

/* Begin PBXTargetDependency section */
		98AB6BAE217261D3005C422A /* PBXTargetDependency */ = {
			isa = PBXTargetDependency;
			target = 98AB6B97217261D1005C422A /* GoceryDemo */;
			targetProxy = 98AB6BAD217261D3005C422A /* PBXContainerItemProxy */;
		};
/* End PBXTargetDependency section */

/* Begin PBXVariantGroup section */
		98AB6B9F217261D2005C422A /* Main.storyboard */ = {
			isa = PBXVariantGroup;
			children = (
				98AB6BA0217261D2005C422A /* Base */,
			);
			name = Main.storyboard;
			sourceTree = "<group>";
		};
		98AB6BA4217261D3005C422A /* LaunchScreen.storyboard */ = {
			isa = PBXVariantGroup;
			children = (
				98AB6BA5217261D3005C422A /* Base */,
			);
			name = LaunchScreen.storyboard;
			sourceTree = "<group>";
		};
/* End PBXVariantGroup section */

/* Begin XCBuildConfiguration section */
		98AB6BB3217261D3005C422A /* Debug */ = {
			isa = XCBuildConfiguration;
			buildSettings = {
				ALWAYS_SEARCH_USER_PATHS = NO;
				CLANG_ANALYZER_NONNULL = YES;
				CLANG_ANALYZER_NUMBER_OBJECT_CONVERSION = YES_AGGRESSIVE;
				CLANG_CXX_LANGUAGE_STANDARD = "gnu++14";
				CLANG_CXX_LIBRARY = "libc++";
				CLANG_ENABLE_MODULES = YES;
				CLANG_ENABLE_OBJC_ARC = YES;
				CLANG_ENABLE_OBJC_WEAK = YES;
				CLANG_WARN_BLOCK_CAPTURE_AUTORELEASING = YES;
				CLANG_WARN_BOOL_CONVERSION = YES;
				CLANG_WARN_COMMA = YES;
				CLANG_WARN_CONSTANT_CONVERSION = YES;
				CLANG_WARN_DEPRECATED_OBJC_IMPLEMENTATIONS = YES;
				CLANG_WARN_DIRECT_OBJC_ISA_USAGE = YES_ERROR;
				CLANG_WARN_DOCUMENTATION_COMMENTS = YES;
				CLANG_WARN_EMPTY_BODY = YES;
				CLANG_WARN_ENUM_CONVERSION = YES;
				CLANG_WARN_INFINITE_RECURSION = YES;
				CLANG_WARN_INT_CONVERSION = YES;
				CLANG_WARN_NON_LITERAL_NULL_CONVERSION = YES;
				CLANG_WARN_OBJC_IMPLICIT_RETAIN_SELF = YES;
				CLANG_WARN_OBJC_LITERAL_CONVERSION = YES;
				CLANG_WARN_OBJC_ROOT_CLASS = YES_ERROR;
				CLANG_WARN_RANGE_LOOP_ANALYSIS = YES;
				CLANG_WARN_STRICT_PROTOTYPES = YES;
				CLANG_WARN_SUSPICIOUS_MOVE = YES;
				CLANG_WARN_UNGUARDED_AVAILABILITY = YES_AGGRESSIVE;
				CLANG_WARN_UNREACHABLE_CODE = YES;
				CLANG_WARN__DUPLICATE_METHOD_MATCH = YES;
				CODE_SIGN_IDENTITY = "iPhone Developer";
				COPY_PHASE_STRIP = NO;
				DEBUG_INFORMATION_FORMAT = dwarf;
				ENABLE_STRICT_OBJC_MSGSEND = YES;
				ENABLE_TESTABILITY = YES;
				GCC_C_LANGUAGE_STANDARD = gnu11;
				GCC_DYNAMIC_NO_PIC = NO;
				GCC_NO_COMMON_BLOCKS = YES;
				GCC_OPTIMIZATION_LEVEL = 0;
				GCC_PREPROCESSOR_DEFINITIONS = (
					"DEBUG=1",
					"$(inherited)",
				);
				GCC_WARN_64_TO_32_BIT_CONVERSION = YES;
				GCC_WARN_ABOUT_RETURN_TYPE = YES_ERROR;
				GCC_WARN_UNDECLARED_SELECTOR = YES;
				GCC_WARN_UNINITIALIZED_AUTOS = YES_AGGRESSIVE;
				GCC_WARN_UNUSED_FUNCTION = YES;
				GCC_WARN_UNUSED_VARIABLE = YES;
				IPHONEOS_DEPLOYMENT_TARGET = 12.0;
				MTL_ENABLE_DEBUG_INFO = INCLUDE_SOURCE;
				MTL_FAST_MATH = YES;
				ONLY_ACTIVE_ARCH = YES;
				SDKROOT = iphoneos;
				SWIFT_ACTIVE_COMPILATION_CONDITIONS = DEBUG;
				SWIFT_OPTIMIZATION_LEVEL = "-Onone";
			};
			name = Debug;
		};
		98AB6BB4217261D3005C422A /* Release */ = {
			isa = XCBuildConfiguration;
			buildSettings = {
				ALWAYS_SEARCH_USER_PATHS = NO;
				CLANG_ANALYZER_NONNULL = YES;
				CLANG_ANALYZER_NUMBER_OBJECT_CONVERSION = YES_AGGRESSIVE;
				CLANG_CXX_LANGUAGE_STANDARD = "gnu++14";
				CLANG_CXX_LIBRARY = "libc++";
				CLANG_ENABLE_MODULES = YES;
				CLANG_ENABLE_OBJC_ARC = YES;
				CLANG_ENABLE_OBJC_WEAK = YES;
				CLANG_WARN_BLOCK_CAPTURE_AUTORELEASING = YES;
				CLANG_WARN_BOOL_CONVERSION = YES;
				CLANG_WARN_COMMA = YES;
				CLANG_WARN_CONSTANT_CONVERSION = YES;
				CLANG_WARN_DEPRECATED_OBJC_IMPLEMENTATIONS = YES;
				CLANG_WARN_DIRECT_OBJC_ISA_USAGE = YES_ERROR;
				CLANG_WARN_DOCUMENTATION_COMMENTS = YES;
				CLANG_WARN_EMPTY_BODY = YES;
				CLANG_WARN_ENUM_CONVERSION = YES;
				CLANG_WARN_INFINITE_RECURSION = YES;
				CLANG_WARN_INT_CONVERSION = YES;
				CLANG_WARN_NON_LITERAL_NULL_CONVERSION = YES;
				CLANG_WARN_OBJC_IMPLICIT_RETAIN_SELF = YES;
				CLANG_WARN_OBJC_LITERAL_CONVERSION = YES;
				CLANG_WARN_OBJC_ROOT_CLASS = YES_ERROR;
				CLANG_WARN_RANGE_LOOP_ANALYSIS = YES;
				CLANG_WARN_STRICT_PROTOTYPES = YES;
				CLANG_WARN_SUSPICIOUS_MOVE = YES;
				CLANG_WARN_UNGUARDED_AVAILABILITY = YES_AGGRESSIVE;
				CLANG_WARN_UNREACHABLE_CODE = YES;
				CLANG_WARN__DUPLICATE_METHOD_MATCH = YES;
				CODE_SIGN_IDENTITY = "iPhone Developer";
				COPY_PHASE_STRIP = NO;
				DEBUG_INFORMATION_FORMAT = "dwarf-with-dsym";
				ENABLE_NS_ASSERTIONS = NO;
				ENABLE_STRICT_OBJC_MSGSEND = YES;
				GCC_C_LANGUAGE_STANDARD = gnu11;
				GCC_NO_COMMON_BLOCKS = YES;
				GCC_WARN_64_TO_32_BIT_CONVERSION = YES;
				GCC_WARN_ABOUT_RETURN_TYPE = YES_ERROR;
				GCC_WARN_UNDECLARED_SELECTOR = YES;
				GCC_WARN_UNINITIALIZED_AUTOS = YES_AGGRESSIVE;
				GCC_WARN_UNUSED_FUNCTION = YES;
				GCC_WARN_UNUSED_VARIABLE = YES;
				IPHONEOS_DEPLOYMENT_TARGET = 12.0;
				MTL_ENABLE_DEBUG_INFO = NO;
				MTL_FAST_MATH = YES;
				SDKROOT = iphoneos;
				SWIFT_COMPILATION_MODE = wholemodule;
				SWIFT_OPTIMIZATION_LEVEL = "-O";
				VALIDATE_PRODUCT = YES;
			};
			name = Release;
		};
		98AB6BB6217261D3005C422A /* Debug */ = {
			isa = XCBuildConfiguration;
			buildSettings = {
				ASSETCATALOG_COMPILER_APPICON_NAME = AppIcon;
				CODE_SIGN_STYLE = Automatic;
				INFOPLIST_FILE = GoceryDemo/Info.plist;
				LD_RUNPATH_SEARCH_PATHS = (
					"$(inherited)",
					"@executable_path/Frameworks",
				);
				PRODUCT_BUNDLE_IDENTIFIER = gocery.GoceryDemo;
				PRODUCT_NAME = "$(TARGET_NAME)";
				SWIFT_VERSION = 4.2;
				TARGETED_DEVICE_FAMILY = "1,2";
			};
			name = Debug;
		};
		98AB6BB7217261D3005C422A /* Release */ = {
			isa = XCBuildConfiguration;
			buildSettings = {
				ASSETCATALOG_COMPILER_APPICON_NAME = AppIcon;
				CODE_SIGN_STYLE = Automatic;
				INFOPLIST_FILE = GoceryDemo/Info.plist;
				LD_RUNPATH_SEARCH_PATHS = (
					"$(inherited)",
					"@executable_path/Frameworks",
				);
				PRODUCT_BUNDLE_IDENTIFIER = gocery.GoceryDemo;
				PRODUCT_NAME = "$(TARGET_NAME)";
				SWIFT_VERSION = 4.2;
				TARGETED_DEVICE_FAMILY = "1,2";
			};
			name = Release;
		};
		98AB6BB9217261D3005C422A /* Debug */ = {
			isa = XCBuildConfiguration;
			buildSettings = {
				ALWAYS_EMBED_SWIFT_STANDARD_LIBRARIES = YES;
				BUNDLE_LOADER = "$(TEST_HOST)";
				CODE_SIGN_STYLE = Automatic;
				INFOPLIST_FILE = GoceryDemoTests/Info.plist;
				LD_RUNPATH_SEARCH_PATHS = (
					"$(inherited)",
					"@executable_path/Frameworks",
					"@loader_path/Frameworks",
				);
				PRODUCT_BUNDLE_IDENTIFIER = gocery.GoceryDemoTests;
				PRODUCT_NAME = "$(TARGET_NAME)";
				SWIFT_VERSION = 4.2;
				TARGETED_DEVICE_FAMILY = "1,2";
				TEST_HOST = "$(BUILT_PRODUCTS_DIR)/GoceryDemo.app/GoceryDemo";
			};
			name = Debug;
		};
		98AB6BBA217261D3005C422A /* Release */ = {
			isa = XCBuildConfiguration;
			buildSettings = {
				ALWAYS_EMBED_SWIFT_STANDARD_LIBRARIES = YES;
				BUNDLE_LOADER = "$(TEST_HOST)";
				CODE_SIGN_STYLE = Automatic;
				INFOPLIST_FILE = GoceryDemoTests/Info.plist;
				LD_RUNPATH_SEARCH_PATHS = (
					"$(inherited)",
					"@executable_path/Frameworks",
					"@loader_path/Frameworks",
				);
				PRODUCT_BUNDLE_IDENTIFIER = gocery.GoceryDemoTests;
				PRODUCT_NAME = "$(TARGET_NAME)";
				SWIFT_VERSION = 4.2;
				TARGETED_DEVICE_FAMILY = "1,2";
				TEST_HOST = "$(BUILT_PRODUCTS_DIR)/GoceryDemo.app/GoceryDemo";
			};
			name = Release;
		};
/* End XCBuildConfiguration section */

/* Begin XCConfigurationList section */
		98AB6B93217261D1005C422A /* Build configuration list for PBXProject "GoceryDemo" */ = {
			isa = XCConfigurationList;
			buildConfigurations = (
				98AB6BB3217261D3005C422A /* Debug */,
				98AB6BB4217261D3005C422A /* Release */,
			);
			defaultConfigurationIsVisible = 0;
			defaultConfigurationName = Release;
		};
		98AB6BB5217261D3005C422A /* Build configuration list for PBXNativeTarget "GoceryDemo" */ = {
			isa = XCConfigurationList;
			buildConfigurations = (
				98AB6BB6217261D3005C422A /* Debug */,
				98AB6BB7217261D3005C422A /* Release */,
			);
			defaultConfigurationIsVisible = 0;
			defaultConfigurationName = Release;
		};
		98AB6BB8217261D3005C422A /* Build configuration list for PBXNativeTarget "GoceryDemoTests" */ = {
			isa = XCConfigurationList;
			buildConfigurations = (
				98AB6BB9217261D3005C422A /* Debug */,
				98AB6BBA217261D3005C422A /* Release */,
			);
			defaultConfigurationIsVisible = 0;
			defaultConfigurationName = Release;
		};
/* End XCConfigurationList section */
	};
	rootObject = 98AB6B90217261D1005C422A /* Project object */;
}
